
Microsoft Visual Studio Solution File, Format Version 12.00
# Visual Studio Version 16
VisualStudioVersion = 16.0.31005.135
MinimumVisualStudioVersion = 10.0.40219.1
Project("{FAE04EC0-301F-11D3-BF4B-00C04F79EFBC}") = "Astronomy", "Astronomy.csproj", "{A5A498E8-01FF-436D-AAC2-7C881168407B}"
EndProject
Global
	GlobalSection(SolutionConfigurationPlatforms) = preSolution
		Debug|Any CPU = Debug|Any CPU
		Release|Any CPU = Release|Any CPU
	EndGlobalSection
	GlobalSection(ProjectConfigurationPlatforms) = postSolution
		{A5A498E8-01FF-436D-AAC2-7C881168407B}.Debug|Any CPU.ActiveCfg = Debug|Any CPU
		{A5A498E8-01FF-436D-AAC2-7C881168407B}.Debug|Any CPU.Build.0 = Debug|Any CPU
		{A5A498E8-01FF-436D-AAC2-7C881168407B}.Release|Any CPU.ActiveCfg = Release|Any CPU
		{A5A498E8-01FF-436D-AAC2-7C881168407B}.Release|Any CPU.Build.0 = Release|Any CPU
	EndGlobalSection
	GlobalSection(SolutionProperties) = preSolution
		HideSolutionNode = FALSE
	EndGlobalSection
	GlobalSection(ExtensibilityGlobals) = postSolution
		SolutionGuid = {42CCAF30-0DC1-4D86-AF54-50F4FA50D724}
	EndGlobalSection
EndGlobal
